
Microsoft Visual Studio Solution File, Format Version 12.00
# Visual Studio Version 17
VisualStudioVersion = 17.2.32414.248
MinimumVisualStudioVersion = 10.0.40219.1
Project("{9A19103F-16F7-4668-BE54-9A1E7A4F7556}") = "TdLib", "TdLib\TdLib.csproj", "{2D4466D1-02F4-4983-B4B7-101FB4D76D91}"
EndProject
Project("{9A19103F-16F7-4668-BE54-9A1E7A4F7556}") = "TdLib.Api", "TdLib.Api\TdLib.Api.csproj", "{DF52A2FE-0464-40EE-AACC-42781FA5FBDB}"
EndProject
Project("{9A19103F-16F7-4668-BE54-9A1E7A4F7556}") = "TdLib.Tests", "TdLib.Tests\TdLib.Tests.csproj", "{6707D62C-5FCB-472E-8F46-6B7EDAE56453}"
EndProject
Project("{9A19103F-16F7-4668-BE54-9A1E7A4F7556}") = "TdLib.Samples.GetChats", "Samples\TdLib.Samples.GetChats\TdLib.Samples.GetChats.csproj", "{E5D00251-CD3E-4736-B9A3-FF5A0996E9E3}"
EndProject
Project("{2150E333-8FDC-42A3-9474-1A3956D46DE8}") = "Samples", "Samples", "{B25EBBCB-983A-42DF-8EEF-2158ECE297AE}"
EndProject
Project("{6EC3EE1D-3C4E-46DD-8F32-0CC8E7565705}") = "TdLib.CodeGen", "TdLib.CodeGen\TdLib.CodeGen.fsproj", "{9A7D484C-DAA6-4F5B-8690-2A1BB6E2E63C}"
EndProject
Project("{2150E333-8FDC-42A3-9474-1A3956D46DE8}") = "Solution Items", "Solution Items", "{BE5164C6-6BA2-4624-905A-F744E9668820}"
	ProjectSection(SolutionItems) = preProject
		.editorconfig = .editorconfig
		CHANGELOG.md = CHANGELOG.md
		Directory.Build.props = Directory.Build.props
		MAINTAINERSHIP.md = MAINTAINERSHIP.md
		README.md = README.md
		LICENSE = LICENSE
		CONTRIBUTING.md = CONTRIBUTING.md
		TdLib.sln.license = TdLib.sln.license
	EndProjectSection
EndProject
Project("{2150E333-8FDC-42A3-9474-1A3956D46DE8}") = ".github", ".github", "{178D86BC-A6CA-4A4D-AE1A-B9DC926D77CB}"
	ProjectSection(SolutionItems) = preProject
		.github\dependabot.yml = .github\dependabot.yml
	EndProjectSection
EndProject
Project("{2150E333-8FDC-42A3-9474-1A3956D46DE8}") = "workflows", "workflows", "{F650AF94-4F77-4291-BA80-4D0EF9CEE756}"
	ProjectSection(SolutionItems) = preProject
		.github\workflows\main.yml = .github\workflows\main.yml
		.github\workflows\nuget.yml = .github\workflows\nuget.yml
	EndProjectSection
EndProject
Project("{2150E333-8FDC-42A3-9474-1A3956D46DE8}") = "Scripts", "Scripts", "{08FD319D-352A-413F-8B5B-AE9388316FD5}"
	ProjectSection(SolutionItems) = preProject
		Scripts\Get-Version.ps1 = Scripts\Get-Version.ps1
		Scripts\Get-TlFiles.ps1 = Scripts\Get-TlFiles.ps1
	EndProjectSection
EndProject
Project("{6EC3EE1D-3C4E-46DD-8F32-0CC8E7565705}") = "TdLib.Samples.GetChats.FSharp", "Samples\TdLib.Samples.GetChats.FSharp\TdLib.Samples.GetChats.FSharp.fsproj", "{B968D706-7538-4D67-B167-461B10BFB4C0}"
EndProject
Project("{2150E333-8FDC-42A3-9474-1A3956D46DE8}") = ".reuse", ".reuse", "{192616C6-D17F-400D-93CA-C86C5743A96F}"
	ProjectSection(SolutionItems) = preProject
		.reuse\dep5 = .reuse\dep5
	EndProjectSection
EndProject
Project("{2150E333-8FDC-42A3-9474-1A3956D46DE8}") = "LICENSES", "LICENSES", "{5399309F-760D-4FE6-B158-706A37F3B04B}"
	ProjectSection(SolutionItems) = preProject
		LICENSES\BSL-1.0.txt = LICENSES\BSL-1.0.txt
		LICENSES\MIT.txt = LICENSES\MIT.txt
	EndProjectSection
EndProject
Global
	GlobalSection(SolutionConfigurationPlatforms) = preSolution
		Debug|Any CPU = Debug|Any CPU
		Release|Any CPU = Release|Any CPU
	EndGlobalSection
	GlobalSection(ProjectConfigurationPlatforms) = postSolution
		{2D4466D1-02F4-4983-B4B7-101FB4D76D91}.Debug|Any CPU.ActiveCfg = Debug|Any CPU
		{2D4466D1-02F4-4983-B4B7-101FB4D76D91}.Debug|Any CPU.Build.0 = Debug|Any CPU
		{2D4466D1-02F4-4983-B4B7-101FB4D76D91}.Release|Any CPU.ActiveCfg = Release|Any CPU
		{2D4466D1-02F4-4983-B4B7-101FB4D76D91}.Release|Any CPU.Build.0 = Release|Any CPU
		{DF52A2FE-0464-40EE-AACC-42781FA5FBDB}.Debug|Any CPU.ActiveCfg = Debug|Any CPU
		{DF52A2FE-0464-40EE-AACC-42781FA5FBDB}.Debug|Any CPU.Build.0 = Debug|Any CPU
		{DF52A2FE-0464-40EE-AACC-42781FA5FBDB}.Release|Any CPU.ActiveCfg = Release|Any CPU
		{DF52A2FE-0464-40EE-AACC-42781FA5FBDB}.Release|Any CPU.Build.0 = Release|Any CPU
		{6707D62C-5FCB-472E-8F46-6B7EDAE56453}.Debug|Any CPU.ActiveCfg = Debug|Any CPU
		{6707D62C-5FCB-472E-8F46-6B7EDAE56453}.Debug|Any CPU.Build.0 = Debug|Any CPU
		{6707D62C-5FCB-472E-8F46-6B7EDAE56453}.Release|Any CPU.ActiveCfg = Release|Any CPU
		{6707D62C-5FCB-472E-8F46-6B7EDAE56453}.Release|Any CPU.Build.0 = Release|Any CPU
		{E5D00251-CD3E-4736-B9A3-FF5A0996E9E3}.Debug|Any CPU.ActiveCfg = Debug|Any CPU
		{E5D00251-CD3E-4736-B9A3-FF5A0996E9E3}.Debug|Any CPU.Build.0 = Debug|Any CPU
		{E5D00251-CD3E-4736-B9A3-FF5A0996E9E3}.Release|Any CPU.ActiveCfg = Release|Any CPU
		{E5D00251-CD3E-4736-B9A3-FF5A0996E9E3}.Release|Any CPU.Build.0 = Release|Any CPU
		{9A7D484C-DAA6-4F5B-8690-2A1BB6E2E63C}.Debug|Any CPU.ActiveCfg = Debug|Any CPU
		{9A7D484C-DAA6-4F5B-8690-2A1BB6E2E63C}.Debug|Any CPU.Build.0 = Debug|Any CPU
		{9A7D484C-DAA6-4F5B-8690-2A1BB6E2E63C}.Release|Any CPU.ActiveCfg = Release|Any CPU
		{9A7D484C-DAA6-4F5B-8690-2A1BB6E2E63C}.Release|Any CPU.Build.0 = Release|Any CPU
		{B968D706-7538-4D67-B167-461B10BFB4C0}.Debug|Any CPU.ActiveCfg = Debug|Any CPU
		{B968D706-7538-4D67-B167-461B10BFB4C0}.Debug|Any CPU.Build.0 = Debug|Any CPU
		{B968D706-7538-4D67-B167-461B10BFB4C0}.Release|Any CPU.ActiveCfg = Release|Any CPU
		{B968D706-7538-4D67-B167-461B10BFB4C0}.Release|Any CPU.Build.0 = Release|Any CPU
	EndGlobalSection
	GlobalSection(SolutionProperties) = preSolution
		HideSolutionNode = FALSE
	EndGlobalSection
	GlobalSection(NestedProjects) = preSolution
		{E5D00251-CD3E-4736-B9A3-FF5A0996E9E3} = {B25EBBCB-983A-42DF-8EEF-2158ECE297AE}
		{F650AF94-4F77-4291-BA80-4D0EF9CEE756} = {178D86BC-A6CA-4A4D-AE1A-B9DC926D77CB}
		{B968D706-7538-4D67-B167-461B10BFB4C0} = {B25EBBCB-983A-42DF-8EEF-2158ECE297AE}
	EndGlobalSection
	GlobalSection(ExtensibilityGlobals) = postSolution
		SolutionGuid = {46AB197A-DFB5-4F3A-97C7-65193A741D19}
	EndGlobalSection
EndGlobal
